{
  "name": "employee-crud-ui",
  "version": "1.0.0",
  "lockfileVersion": 3,
  "requires": true,
  "packages": {
    "": {
      "name": "employee-crud-ui",
      "version": "1.0.0",
      "license": "ISC",
      "dependencies": {
        "angular": "^1.8.3",
        "angular-animate": "^1.8.3",
        "angular-material": "^1.2.5",
        "angular-toastr": "^2.1.1",
        "bootstrap": "^5.3.8",
        "bootstrap-icons": "^1.13.1"
      }
    },
    "node_modules/@popperjs/core": {
      "version": "2.11.8",
      "resolved": "https://registry.npmjs.org/@popperjs/core/-/core-2.11.8.tgz",
      "integrity": "sha512-P1st0aksCrn9sGZhp8GMYwBnQsbvAWsZAX44oXNNvLHGqAOcoVxmjZiohstwQ7SqKnbR47akdNi+uleWD8+g6A==",
      "license": "MIT",
      "peer": true,
      "funding": {
        "type": "opencollective",
        "url": "https://opencollective.com/popperjs"
      }
    },
    "node_modules/angular": {
      "version": "1.8.3",
      "resolved": "https://registry.npmjs.org/angular/-/angular-1.8.3.tgz",
      "integrity": "sha512-5qjkWIQQVsHj4Sb5TcEs4WZWpFeVFHXwxEBHUhrny41D8UrBAd6T/6nPPAsLngJCReIOqi95W3mxdveveutpZw==",
      "deprecated": "For the actively supported Angular, see https://www.npmjs.com/package/@angular/core. AngularJS support has officially ended. For extended AngularJS support options, see https://goo.gle/angularjs-path-forward.",
      "license": "MIT"
    },
    "node_modules/angular-animate": {
      "version": "1.8.3",
      "resolved": "https://registry.npmjs.org/angular-animate/-/angular-animate-1.8.3.tgz",
      "integrity": "sha512-/LtTKvy5sD6MZbV0v+nHgOIpnFF0mrUp+j5WIxVprVhcrJriYpuCZf4S7Owj1o76De/J0eRzANUozNJ6hVepnQ==",
      "deprecated": "For the actively supported Angular, see https://www.npmjs.com/package/@angular/core. AngularJS support has officially ended. For extended AngularJS support options, see https://goo.gle/angularjs-path-forward.",
      "license": "MIT"
    },
    "node_modules/angular-aria": {
      "version": "1.8.3",
      "resolved": "https://registry.npmjs.org/angular-aria/-/angular-aria-1.8.3.tgz",
      "integrity": "sha512-qTXclmTW/KGw5JNKKQPcCKKq6hCBZ39jYINmLgMsjUHBAoxULaMRRTaRj/L2VTOjKvK5f9enkx+EUqRqzXDSFQ==",
      "deprecated": "For the actively supported Angular, see https://www.npmjs.com/package/@angular/core. AngularJS support has officially ended. For extended AngularJS support options, see https://goo.gle/angularjs-path-forward.",
      "license": "MIT",
      "peer": true
    },
    "node_modules/angular-material": {
      "version": "1.2.5",
      "resolved": "https://registry.npmjs.org/angular-material/-/angular-material-1.2.5.tgz",
      "integrity": "sha512-bTTDV0vszpfms1tAMzhLntxBiNMCk/I3Mx/vhbtfhijJILODjpDBfWah0nvWrniFIcxMLcsb1tcPri13hZEaew==",
      "deprecated": "For the actively supported Angular Material, see https://www.npmjs.com/package/@angular/material. AngularJS support has officially ended. For extended AngularJS support options, see https://goo.gle/angularjs-path-forward.",
      "license": "MIT",
      "peerDependencies": {
        "angular": "^1.7.2",
        "angular-animate": "^1.7.2",
        "angular-aria": "^1.7.2",
        "angular-messages": "^1.7.2"
      }
    },
    "node_modules/angular-messages": {
      "version": "1.8.3",
      "resolved": "https://registry.npmjs.org/angular-messages/-/angular-messages-1.8.3.tgz",
      "integrity": "sha512-f/ywtg32lqzX8FnXkBJOyn13lbCbo333/xy/5TTFcsH/gZdXoiuERj+dLTOs8xHCkOeFQhFx0VD0DgtMgSag7A==",
      "license": "MIT",
      "peer": true
    },
    "node_modules/angular-toastr": {
      "version": "2.1.1",
      "resolved": "https://registry.npmjs.org/angular-toastr/-/angular-toastr-2.1.1.tgz",
      "integrity": "sha512-iasQCH00eVV0JPWOy8ztTu3p/m4Q+jzoLPxPjVzxO2vZSQkhcMdbFYgV/AYzymXFBZAyj7eunUJJQ0avNX8QSw==",
      "license": "MIT"
    },
    "node_modules/bootstrap": {
      "version": "5.3.8",
      "resolved": "https://registry.npmjs.org/bootstrap/-/bootstrap-5.3.8.tgz",
      "integrity": "sha512-HP1SZDqaLDPwsNiqRqi5NcP0SSXciX2s9E+RyqJIIqGo+vJeN5AJVM98CXmW/Wux0nQ5L7jeWUdplCEf0Ee+tg==",
      "funding": [
        {
          "type": "github",
          "url": "https://github.com/sponsors/twbs"
        },
        {
          "type": "opencollective",
          "url": "https://opencollective.com/bootstrap"
        }
      ],
      "license": "MIT",
      "peerDependencies": {
        "@popperjs/core": "^2.11.8"
      }
    },
    "node_modules/bootstrap-icons": {
      "version": "1.13.1",
      "resolved": "https://registry.npmjs.org/bootstrap-icons/-/bootstrap-icons-1.13.1.tgz",
      "integrity": "sha512-ijombt4v6bv5CLeXvRWKy7CuM3TRTuPEuGaGKvTV5cz65rQSY8RQ2JcHt6b90cBBAC7s8fsf2EkQDldzCoXUjw==",
      "funding": [
        {
          "type": "github",
          "url": "https://github.com/sponsors/twbs"
        },
        {
          "type": "opencollective",
          "url": "https://opencollective.com/bootstrap"
        }
      ],
      "license": "MIT"
    }
  }
}
